
Microsoft Visual Studio Solution File, Format Version 12.00
# Visual Studio Version 16
VisualStudioVersion = 16.0.32228.343
MinimumVisualStudioVersion = 10.0.40219.1
Project("{FAE04EC0-301F-11D3-BF4B-00C04F79EFBC}") = "GameObject", "GameObject\GameObject.csproj", "{F9D59BCB-C2D0-49BE-A9A8-CF5B3CD66F04}"
EndProject
Global
	GlobalSection(SolutionConfigurationPlatforms) = preSolution
		Debug|Any CPU = Debug|Any CPU
		Release|Any CPU = Release|Any CPU
	EndGlobalSection
	GlobalSection(ProjectConfigurationPlatforms) = postSolution
		{F9D59BCB-C2D0-49BE-A9A8-CF5B3CD66F04}.Debug|Any CPU.ActiveCfg = Debug|Any CPU
		{F9D59BCB-C2D0-49BE-A9A8-CF5B3CD66F04}.Debug|Any CPU.Build.0 = Debug|Any CPU
		{F9D59BCB-C2D0-49BE-A9A8-CF5B3CD66F04}.Release|Any CPU.ActiveCfg = Release|Any CPU
		{F9D59BCB-C2D0-49BE-A9A8-CF5B3CD66F04}.Release|Any CPU.Build.0 = Release|Any CPU
	EndGlobalSection
	GlobalSection(SolutionProperties) = preSolution
		HideSolutionNode = FALSE
	EndGlobalSection
	GlobalSection(ExtensibilityGlobals) = postSolution
		SolutionGuid = {9F986751-5FE7-4788-8165-85100614BF4D}
	EndGlobalSection
EndGlobal
